
Microsoft Visual Studio Solution File, Format Version 12.00
# Visual Studio Version 17
VisualStudioVersion = 17.14.36414.22 d17.14
MinimumVisualStudioVersion = 10.0.40219.1
Project("{FAE04EC0-301F-11D3-BF4B-00C04F79EFBC}") = "Praktik6.5_leon_xpplg2", "Praktik6.5_leon_xpplg2\Praktik6.5_leon_xpplg2.csproj", "{9F6F97D3-DACD-4AF6-B866-7600693ECE7D}"
EndProject
Global
	GlobalSection(SolutionConfigurationPlatforms) = preSolution
		Debug|Any CPU = Debug|Any CPU
		Release|Any CPU = Release|Any CPU
	EndGlobalSection
	GlobalSection(ProjectConfigurationPlatforms) = postSolution
		{9F6F97D3-DACD-4AF6-B866-7600693ECE7D}.Debug|Any CPU.ActiveCfg = Debug|Any CPU
		{9F6F97D3-DACD-4AF6-B866-7600693ECE7D}.Debug|Any CPU.Build.0 = Debug|Any CPU
		{9F6F97D3-DACD-4AF6-B866-7600693ECE7D}.Release|Any CPU.ActiveCfg = Release|Any CPU
		{9F6F97D3-DACD-4AF6-B866-7600693ECE7D}.Release|Any CPU.Build.0 = Release|Any CPU
	EndGlobalSection
	GlobalSection(SolutionProperties) = preSolution
		HideSolutionNode = FALSE
	EndGlobalSection
	GlobalSection(ExtensibilityGlobals) = postSolution
		SolutionGuid = {B409D43B-F674-490C-BA57-2BE5E64DF30F}
	EndGlobalSection
EndGlobal
