
Microsoft Visual Studio Solution File, Format Version 12.00
# Visual Studio Version 17
VisualStudioVersion = 17.14.36414.22 d17.14
MinimumVisualStudioVersion = 10.0.40219.1
Project("{FAE04EC0-301F-11D3-BF4B-00C04F79EFBC}") = "Praktik6.7_leon_xpplg2", "Praktik6.7_leon_xpplg2\Praktik6.7_leon_xpplg2.csproj", "{626DA3CB-0F96-492C-B093-AF8EC6F018EC}"
EndProject
Global
	GlobalSection(SolutionConfigurationPlatforms) = preSolution
		Debug|Any CPU = Debug|Any CPU
		Release|Any CPU = Release|Any CPU
	EndGlobalSection
	GlobalSection(ProjectConfigurationPlatforms) = postSolution
		{626DA3CB-0F96-492C-B093-AF8EC6F018EC}.Debug|Any CPU.ActiveCfg = Debug|Any CPU
		{626DA3CB-0F96-492C-B093-AF8EC6F018EC}.Debug|Any CPU.Build.0 = Debug|Any CPU
		{626DA3CB-0F96-492C-B093-AF8EC6F018EC}.Release|Any CPU.ActiveCfg = Release|Any CPU
		{626DA3CB-0F96-492C-B093-AF8EC6F018EC}.Release|Any CPU.Build.0 = Release|Any CPU
	EndGlobalSection
	GlobalSection(SolutionProperties) = preSolution
		HideSolutionNode = FALSE
	EndGlobalSection
	GlobalSection(ExtensibilityGlobals) = postSolution
		SolutionGuid = {C54E4885-CDAB-4C01-923F-1B26F55FEC68}
	EndGlobalSection
EndGlobal
