
Microsoft Visual Studio Solution File, Format Version 12.00
# Visual Studio Version 17
VisualStudioVersion = 17.14.36414.22 d17.14
MinimumVisualStudioVersion = 10.0.40219.1
Project("{FAE04EC0-301F-11D3-BF4B-00C04F79EFBC}") = "Praktik6.3_leon_xpplg2", "Praktik6.3_leon_xpplg2\Praktik6.3_leon_xpplg2.csproj", "{87198D8B-2F0D-4CE2-9B28-4513D6F16112}"
EndProject
Global
	GlobalSection(SolutionConfigurationPlatforms) = preSolution
		Debug|Any CPU = Debug|Any CPU
		Release|Any CPU = Release|Any CPU
	EndGlobalSection
	GlobalSection(ProjectConfigurationPlatforms) = postSolution
		{87198D8B-2F0D-4CE2-9B28-4513D6F16112}.Debug|Any CPU.ActiveCfg = Debug|Any CPU
		{87198D8B-2F0D-4CE2-9B28-4513D6F16112}.Debug|Any CPU.Build.0 = Debug|Any CPU
		{87198D8B-2F0D-4CE2-9B28-4513D6F16112}.Release|Any CPU.ActiveCfg = Release|Any CPU
		{87198D8B-2F0D-4CE2-9B28-4513D6F16112}.Release|Any CPU.Build.0 = Release|Any CPU
	EndGlobalSection
	GlobalSection(SolutionProperties) = preSolution
		HideSolutionNode = FALSE
	EndGlobalSection
	GlobalSection(ExtensibilityGlobals) = postSolution
		SolutionGuid = {FCB0767B-47DA-4F3A-98A5-EBFA7FFD35D8}
	EndGlobalSection
EndGlobal
